
Microsoft Visual Studio Solution File, Format Version 12.00
# Visual Studio Version 16
VisualStudioVersion = 16.0.28922.388
MinimumVisualStudioVersion = 10.0.40219.1
Project("{9A19103F-16F7-4668-BE54-9A1E7A4F7556}") = "MangaParser", "MangaParser\MangaParser.csproj", "{F562C2CC-2602-4CED-96F6-DACBEC65E9C1}"
EndProject
Project("{9A19103F-16F7-4668-BE54-9A1E7A4F7556}") = "MangaParser.ConsoleApp", "MangaParser.ConsoleApp\MangaParser.ConsoleApp.csproj", "{80CD9B08-2416-47DA-8CD6-D73ACB6A06BF}"
EndProject
Global
	GlobalSection(SolutionConfigurationPlatforms) = preSolution
		Debug|Any CPU = Debug|Any CPU
		Release|Any CPU = Release|Any CPU
	EndGlobalSection
	GlobalSection(ProjectConfigurationPlatforms) = postSolution
		{F562C2CC-2602-4CED-96F6-DACBEC65E9C1}.Debug|Any CPU.ActiveCfg = Debug|Any CPU
		{F562C2CC-2602-4CED-96F6-DACBEC65E9C1}.Debug|Any CPU.Build.0 = Debug|Any CPU
		{F562C2CC-2602-4CED-96F6-DACBEC65E9C1}.Release|Any CPU.ActiveCfg = Release|Any CPU
		{F562C2CC-2602-4CED-96F6-DACBEC65E9C1}.Release|Any CPU.Build.0 = Release|Any CPU
		{80CD9B08-2416-47DA-8CD6-D73ACB6A06BF}.Debug|Any CPU.ActiveCfg = Debug|Any CPU
		{80CD9B08-2416-47DA-8CD6-D73ACB6A06BF}.Debug|Any CPU.Build.0 = Debug|Any CPU
		{80CD9B08-2416-47DA-8CD6-D73ACB6A06BF}.Release|Any CPU.ActiveCfg = Release|Any CPU
		{80CD9B08-2416-47DA-8CD6-D73ACB6A06BF}.Release|Any CPU.Build.0 = Release|Any CPU
	EndGlobalSection
	GlobalSection(SolutionProperties) = preSolution
		HideSolutionNode = FALSE
	EndGlobalSection
	GlobalSection(ExtensibilityGlobals) = postSolution
		SolutionGuid = {03AE4F1F-225E-496A-888A-8CF08B0689C9}
	EndGlobalSection
EndGlobal
